
Microsoft Visual Studio Solution File, Format Version 12.00
# Visual Studio Version 17
VisualStudioVersion = 17.5.002.0
MinimumVisualStudioVersion = 10.0.40219.1
Project("{9A19103F-16F7-4668-BE54-9A1E7A4F7556}") = "cw3_empty_api", "cw3_empty_api.csproj", "{F006BAED-D211-497E-B684-742D619888B1}"
EndProject
Global
	GlobalSection(SolutionConfigurationPlatforms) = preSolution
		Debug|Any CPU = Debug|Any CPU
		Release|Any CPU = Release|Any CPU
	EndGlobalSection
	GlobalSection(ProjectConfigurationPlatforms) = postSolution
		{F006BAED-D211-497E-B684-742D619888B1}.Debug|Any CPU.ActiveCfg = Debug|Any CPU
		{F006BAED-D211-497E-B684-742D619888B1}.Debug|Any CPU.Build.0 = Debug|Any CPU
		{F006BAED-D211-497E-B684-742D619888B1}.Release|Any CPU.ActiveCfg = Release|Any CPU
		{F006BAED-D211-497E-B684-742D619888B1}.Release|Any CPU.Build.0 = Release|Any CPU
	EndGlobalSection
	GlobalSection(SolutionProperties) = preSolution
		HideSolutionNode = FALSE
	EndGlobalSection
	GlobalSection(ExtensibilityGlobals) = postSolution
		SolutionGuid = {E88B3AA9-590D-4D86-BA5D-E6DE6EE64478}
	EndGlobalSection
EndGlobal
