
Microsoft Visual Studio Solution File, Format Version 12.00
# Visual Studio Version 17
VisualStudioVersion = 17.5.002.0
MinimumVisualStudioVersion = 10.0.40219.1
Project("{9A19103F-16F7-4668-BE54-9A1E7A4F7556}") = "todos", "todos.csproj", "{E4AE1F6A-902C-42E5-84A9-C19AB61910FC}"
EndProject
Global
	GlobalSection(SolutionConfigurationPlatforms) = preSolution
		Debug|Any CPU = Debug|Any CPU
		Release|Any CPU = Release|Any CPU
	EndGlobalSection
	GlobalSection(ProjectConfigurationPlatforms) = postSolution
		{E4AE1F6A-902C-42E5-84A9-C19AB61910FC}.Debug|Any CPU.ActiveCfg = Debug|Any CPU
		{E4AE1F6A-902C-42E5-84A9-C19AB61910FC}.Debug|Any CPU.Build.0 = Debug|Any CPU
		{E4AE1F6A-902C-42E5-84A9-C19AB61910FC}.Release|Any CPU.ActiveCfg = Release|Any CPU
		{E4AE1F6A-902C-42E5-84A9-C19AB61910FC}.Release|Any CPU.Build.0 = Release|Any CPU
	EndGlobalSection
	GlobalSection(SolutionProperties) = preSolution
		HideSolutionNode = FALSE
	EndGlobalSection
	GlobalSection(ExtensibilityGlobals) = postSolution
		SolutionGuid = {E1C7AD9A-80C9-41F4-8683-BBEC1FB18362}
	EndGlobalSection
EndGlobal
