
Microsoft Visual Studio Solution File, Format Version 12.00
# Visual Studio Version 17
VisualStudioVersion = 17.9.34728.123
MinimumVisualStudioVersion = 10.0.40219.1
Project("{FAE04EC0-301F-11D3-BF4B-00C04F79EFBC}") = "firstGame", "firstGame.csproj", "{56169D57-BA77-49D8-9A66-D27DE3006461}"
EndProject
Global
	GlobalSection(SolutionConfigurationPlatforms) = preSolution
		Debug|Any CPU = Debug|Any CPU
		Release|Any CPU = Release|Any CPU
	EndGlobalSection
	GlobalSection(ProjectConfigurationPlatforms) = postSolution
		{56169D57-BA77-49D8-9A66-D27DE3006461}.Debug|Any CPU.ActiveCfg = Debug|Any CPU
		{56169D57-BA77-49D8-9A66-D27DE3006461}.Debug|Any CPU.Build.0 = Debug|Any CPU
		{56169D57-BA77-49D8-9A66-D27DE3006461}.Release|Any CPU.ActiveCfg = Release|Any CPU
		{56169D57-BA77-49D8-9A66-D27DE3006461}.Release|Any CPU.Build.0 = Release|Any CPU
	EndGlobalSection
	GlobalSection(SolutionProperties) = preSolution
		HideSolutionNode = FALSE
	EndGlobalSection
	GlobalSection(ExtensibilityGlobals) = postSolution
		SolutionGuid = {68B5E1FF-2CBF-4BD8-98FC-9ACD7E2FCE9E}
	EndGlobalSection
EndGlobal
