
Microsoft Visual Studio Solution File, Format Version 12.00
# Visual Studio Version 17
VisualStudioVersion = 17.8.34316.72
MinimumVisualStudioVersion = 10.0.40219.1
Project("{FAE04EC0-301F-11D3-BF4B-00C04F79EFBC}") = "mvc_ef_mssql", "mvc_ef_mssql\mvc_ef_mssql.csproj", "{96DA6AFE-BEF8-4FAF-B398-352F856339C0}"
EndProject
Global
	GlobalSection(SolutionConfigurationPlatforms) = preSolution
		Debug|Any CPU = Debug|Any CPU
		Release|Any CPU = Release|Any CPU
	EndGlobalSection
	GlobalSection(ProjectConfigurationPlatforms) = postSolution
		{96DA6AFE-BEF8-4FAF-B398-352F856339C0}.Debug|Any CPU.ActiveCfg = Debug|Any CPU
		{96DA6AFE-BEF8-4FAF-B398-352F856339C0}.Debug|Any CPU.Build.0 = Debug|Any CPU
		{96DA6AFE-BEF8-4FAF-B398-352F856339C0}.Release|Any CPU.ActiveCfg = Release|Any CPU
		{96DA6AFE-BEF8-4FAF-B398-352F856339C0}.Release|Any CPU.Build.0 = Release|Any CPU
	EndGlobalSection
	GlobalSection(SolutionProperties) = preSolution
		HideSolutionNode = FALSE
	EndGlobalSection
	GlobalSection(ExtensibilityGlobals) = postSolution
		SolutionGuid = {9F24A81C-11A6-409C-BD16-674980E5BFEB}
	EndGlobalSection
EndGlobal
