
Microsoft Visual Studio Solution File, Format Version 12.00
# Visual Studio Version 17
VisualStudioVersion = 17.10.34916.146
MinimumVisualStudioVersion = 10.0.40219.1
Project("{FAE04EC0-301F-11D3-BF4B-00C04F79EFBC}") = "cw-5", "cw-5.csproj", "{9517D02B-A2A6-4B6D-81F3-FB939EA6A96E}"
EndProject
Global
	GlobalSection(SolutionConfigurationPlatforms) = preSolution
		Debug|Any CPU = Debug|Any CPU
		Release|Any CPU = Release|Any CPU
	EndGlobalSection
	GlobalSection(ProjectConfigurationPlatforms) = postSolution
		{9517D02B-A2A6-4B6D-81F3-FB939EA6A96E}.Debug|Any CPU.ActiveCfg = Debug|Any CPU
		{9517D02B-A2A6-4B6D-81F3-FB939EA6A96E}.Debug|Any CPU.Build.0 = Debug|Any CPU
		{9517D02B-A2A6-4B6D-81F3-FB939EA6A96E}.Release|Any CPU.ActiveCfg = Release|Any CPU
		{9517D02B-A2A6-4B6D-81F3-FB939EA6A96E}.Release|Any CPU.Build.0 = Release|Any CPU
	EndGlobalSection
	GlobalSection(SolutionProperties) = preSolution
		HideSolutionNode = FALSE
	EndGlobalSection
	GlobalSection(ExtensibilityGlobals) = postSolution
		SolutionGuid = {B40A9B55-CE30-46EE-9B4D-EC8D05F7F87F}
	EndGlobalSection
EndGlobal
