
Microsoft Visual Studio Solution File, Format Version 12.00
# Visual Studio Version 17
VisualStudioVersion = 17.9.34728.123
MinimumVisualStudioVersion = 10.0.40219.1
Project("{FAE04EC0-301F-11D3-BF4B-00C04F79EFBC}") = "Movvv", "Movvv.csproj", "{B266F0A9-A7CE-4CBB-998F-7F4C13884287}"
EndProject
Global
	GlobalSection(SolutionConfigurationPlatforms) = preSolution
		Debug|Any CPU = Debug|Any CPU
		Release|Any CPU = Release|Any CPU
	EndGlobalSection
	GlobalSection(ProjectConfigurationPlatforms) = postSolution
		{B266F0A9-A7CE-4CBB-998F-7F4C13884287}.Debug|Any CPU.ActiveCfg = Debug|Any CPU
		{B266F0A9-A7CE-4CBB-998F-7F4C13884287}.Debug|Any CPU.Build.0 = Debug|Any CPU
		{B266F0A9-A7CE-4CBB-998F-7F4C13884287}.Release|Any CPU.ActiveCfg = Release|Any CPU
		{B266F0A9-A7CE-4CBB-998F-7F4C13884287}.Release|Any CPU.Build.0 = Release|Any CPU
	EndGlobalSection
	GlobalSection(SolutionProperties) = preSolution
		HideSolutionNode = FALSE
	EndGlobalSection
	GlobalSection(ExtensibilityGlobals) = postSolution
		SolutionGuid = {994A77F6-409D-494E-9869-5B0FDE07A501}
	EndGlobalSection
EndGlobal
