
Microsoft Visual Studio Solution File, Format Version 12.00
# Visual Studio Version 17
VisualStudioVersion = 17.8.34330.188
MinimumVisualStudioVersion = 10.0.40219.1
Project("{FAE04EC0-301F-11D3-BF4B-00C04F79EFBC}") = "WFandSqliteEFver1", "WFandSqliteEFver1\WFandSqliteEFver1.csproj", "{B3B57705-654F-43AA-AAE3-13E94F87B77A}"
EndProject
Global
	GlobalSection(SolutionConfigurationPlatforms) = preSolution
		Debug|Any CPU = Debug|Any CPU
		Release|Any CPU = Release|Any CPU
	EndGlobalSection
	GlobalSection(ProjectConfigurationPlatforms) = postSolution
		{B3B57705-654F-43AA-AAE3-13E94F87B77A}.Debug|Any CPU.ActiveCfg = Debug|Any CPU
		{B3B57705-654F-43AA-AAE3-13E94F87B77A}.Debug|Any CPU.Build.0 = Debug|Any CPU
		{B3B57705-654F-43AA-AAE3-13E94F87B77A}.Release|Any CPU.ActiveCfg = Release|Any CPU
		{B3B57705-654F-43AA-AAE3-13E94F87B77A}.Release|Any CPU.Build.0 = Release|Any CPU
	EndGlobalSection
	GlobalSection(SolutionProperties) = preSolution
		HideSolutionNode = FALSE
	EndGlobalSection
	GlobalSection(ExtensibilityGlobals) = postSolution
		SolutionGuid = {29705655-6834-405D-8DD9-F996BD3C5F4D}
	EndGlobalSection
EndGlobal
